PODS:
  - OpenSSL-Universal (1.1.180)
  - PersonaInquirySDK2 (2.14.1)
  - PersonaNfc (2.14.1)
  - PersonaWebRtc (2.14.1)
  - WebRTC-lib (111.0.0)

DEPENDENCIES:
  - OpenSSL-Universal (= 1.1.180)
  - PersonaInquirySDK2 (~> 2.14.1)
  - PersonaNfc (~> 2.14.1)
  - PersonaWebRtc (~> 2.14.1)
  - WebRTC-lib (= 111.0.0)

SPEC REPOS:
  trunk:
    - OpenSSL-Universal
    - PersonaInquirySDK2
    - PersonaNfc
    - PersonaWebRtc
    - WebRTC-lib

SPEC CHECKSUMS:
  OpenSSL-Universal: 1aa4f6a6ee7256b83db99ec1ccdaa80d10f9af9b
  PersonaInquirySDK2: c28dc32c8a972d0d68abe68fd8cf6056b558a66f
  PersonaNfc: 9ee0740b049ca8c027da802a140ca5418f232e90
  PersonaWebRtc: 5321235221f794749213a37016ec2d0b43276e54
  WebRTC-lib: 7e7f08b0062e5610599a73c0c232ed22662c0bf1

PODFILE CHECKSUM: 684e632f03693889ce65e41ee0e3107a5f108a20

COCOAPODS: 1.14.2
