PODS:
  - OpenSSL-Universal (1.1.180)
  - PersonaInquirySDK2 (2.5.11)
  - PersonaNfc (2.5.11)

DEPENDENCIES:
  - OpenSSL-Universal (= 1.1.180)
  - PersonaInquirySDK2 (~> 2.5.9)
  - PersonaNfc (~> 2.5.9)

SPEC REPOS:
  trunk:
    - OpenSSL-Universal
    - PersonaInquirySDK2
    - PersonaNfc

SPEC CHECKSUMS:
  OpenSSL-Universal: 1aa4f6a6ee7256b83db99ec1ccdaa80d10f9af9b
  PersonaInquirySDK2: f9daa62b1f394bf78e73d6a8db9ec670890926cb
  PersonaNfc: 4f56e2f1fe42d4c5189ee6dbbac18116f70b4f6e

PODFILE CHECKSUM: 50ec62aaeb3add872e73a411b625c74c0cfb44a4

COCOAPODS: 1.11.3
