PODS:
  - PersonaInquiryAnywhereSDK (0.1.0-beta.1)

DEPENDENCIES:
  - PersonaInquiryAnywhereSDK (= 0.1.0-beta.1)

SPEC REPOS:
  trunk:
    - PersonaInquiryAnywhereSDK

SPEC CHECKSUMS:
  PersonaInquiryAnywhereSDK: 055544fb61d919c50cc27e8fdf3204c3993a0339

PODFILE CHECKSUM: 6b5bd08ac211b758ae5ed406959ae78229ad8877

COCOAPODS: 1.10.0
