PODS:
  - Persona-OpenSSL-Universal (2.0.1)
  - PersonaInquirySDK2 (2.26.0)
  - PersonaNfc (2.26.0)
  - PersonaWebRtc (2.26.0)
  - WebRTC-lib (111.0.0)

DEPENDENCIES:
  - Persona-OpenSSL-Universal (= 2.0.1)
  - PersonaInquirySDK2 (~> 2.26.0)
  - PersonaNfc (~> 2.26.0)
  - PersonaWebRtc (~> 2.26.0)
  - WebRTC-lib (= 111.0.0)

SPEC REPOS:
  trunk:
    - Persona-OpenSSL-Universal
    - PersonaInquirySDK2
    - PersonaNfc
    - PersonaWebRtc
    - WebRTC-lib

SPEC CHECKSUMS:
  Persona-OpenSSL-Universal: 2d9f48996d5500547fc111b246fa3814ffc1c1e4
  PersonaInquirySDK2: 9571ad25b8db670d5bac06c4b5dd619b2c9288ca
  PersonaNfc: b020a651030ce0d5ec916169549c4702109f6eea
  PersonaWebRtc: 99d6f4f8553430cacc011822250afbf23e52985c
  WebRTC-lib: 7e7f08b0062e5610599a73c0c232ed22662c0bf1

PODFILE CHECKSUM: a15ceaa9a6365cb4c0e016a402ad49192de57124

COCOAPODS: 1.16.2
