// !$*UTF8*$!
{
	archiveVersion = 1;
	classes = {
	};
	objectVersion = 51;
	objects = {

/* Begin PBXBuildFile section */
		3A92C7152523FB9000CC04A2 /* InquiryResultsViewModel.swift in Sources */ = {isa = PBXBuildFile; fileRef = 3A92C7142523FB9000CC04A2 /* InquiryResultsViewModel.swift */; };
		3AA65EC72523B92C00430B20 /* LondrinaSolid-Regular.ttf in Resources */ = {isa = PBXBuildFile; fileRef = 3AA65EC62523B92C00430B20 /* LondrinaSolid-Regular.ttf */; };
		3AA65EC92523B94800430B20 /* Rubik-Regular.ttf in Resources */ = {isa = PBXBuildFile; fileRef = 3AA65EC82523B94800430B20 /* Rubik-Regular.ttf */; };
		3AA994612523A04B0059B74E /* UIColor.swift in Sources */ = {isa = PBXBuildFile; fileRef = 3AA994602523A04B0059B74E /* UIColor.swift */; };
		3AC66FB8251CED9C00F984FA /* AppDelegate.swift in Sources */ = {isa = PBXBuildFile; fileRef = 3AC66FB7251CED9C00F984FA /* AppDelegate.swift */; };
		3AC66FBC251CED9C00F984FA /* WelcomeViewController.swift in Sources */ = {isa = PBXBuildFile; fileRef = 3AC66FBB251CED9C00F984FA /* WelcomeViewController.swift */; };
		3AC66FBF251CED9C00F984FA /* Main.storyboard in Resources */ = {isa = PBXBuildFile; fileRef = 3AC66FBD251CED9C00F984FA /* Main.storyboard */; };
		3AC66FC1251CED9D00F984FA /* Assets.xcassets in Resources */ = {isa = PBXBuildFile; fileRef = 3AC66FC0251CED9D00F984FA /* Assets.xcassets */; };
		3AC66FC4251CED9D00F984FA /* LaunchScreen.storyboard in Resources */ = {isa = PBXBuildFile; fileRef = 3AC66FC2251CED9D00F984FA /* LaunchScreen.storyboard */; };
		3AE3BE7D2523BCAA0045A596 /* InquiryViewController.swift in Sources */ = {isa = PBXBuildFile; fileRef = 3AE3BE7C2523BCAA0045A596 /* InquiryViewController.swift */; };
		3AE3BE7F2523CFD10045A596 /* UIFont.swift in Sources */ = {isa = PBXBuildFile; fileRef = 3AE3BE7E2523CFD10045A596 /* UIFont.swift */; };
		3AE3BE812523DADC0045A596 /* NSAttributedString.swift in Sources */ = {isa = PBXBuildFile; fileRef = 3AE3BE802523DADC0045A596 /* NSAttributedString.swift */; };
		94B767F8AFAA9937EEFE08DC /* Pods_DemoApp.framework in Frameworks */ = {isa = PBXBuildFile; fileRef = 8E7558AE5916A2624B79ECF0 /* Pods_DemoApp.framework */; };
/* End PBXBuildFile section */

/* Begin PBXFileReference section */
		3A92C7142523FB9000CC04A2 /* InquiryResultsViewModel.swift */ = {isa = PBXFileReference; lastKnownFileType = sourcecode.swift; path = InquiryResultsViewModel.swift; sourceTree = "<group>"; };
		3AA65EC62523B92C00430B20 /* LondrinaSolid-Regular.ttf */ = {isa = PBXFileReference; lastKnownFileType = file; path = "LondrinaSolid-Regular.ttf"; sourceTree = "<group>"; };
		3AA65EC82523B94800430B20 /* Rubik-Regular.ttf */ = {isa = PBXFileReference; lastKnownFileType = file; path = "Rubik-Regular.ttf"; sourceTree = "<group>"; };
		3AA994602523A04B0059B74E /* UIColor.swift */ = {isa = PBXFileReference; lastKnownFileType = sourcecode.swift; path = UIColor.swift; sourceTree = "<group>"; };
		3AC66FB4251CED9C00F984FA /* DemoApp.app */ = {isa = PBXFileReference; explicitFileType = wrapper.application; includeInIndex = 0; path = DemoApp.app; sourceTree = BUILT_PRODUCTS_DIR; };
		3AC66FB7251CED9C00F984FA /* AppDelegate.swift */ = {isa = PBXFileReference; lastKnownFileType = sourcecode.swift; path = AppDelegate.swift; sourceTree = "<group>"; };
		3AC66FBB251CED9C00F984FA /* WelcomeViewController.swift */ = {isa = PBXFileReference; lastKnownFileType = sourcecode.swift; path = WelcomeViewController.swift; sourceTree = "<group>"; };
		3AC66FBE251CED9C00F984FA /* Base */ = {isa = PBXFileReference; lastKnownFileType = file.storyboard; name = Base; path = Base.lproj/Main.storyboard; sourceTree = "<group>"; };
		3AC66FC0251CED9D00F984FA /* Assets.xcassets */ = {isa = PBXFileReference; lastKnownFileType = folder.assetcatalog; path = Assets.xcassets; sourceTree = "<group>"; };
		3AC66FC3251CED9D00F984FA /* Base */ = {isa = PBXFileReference; lastKnownFileType = file.storyboard; name = Base; path = Base.lproj/LaunchScreen.storyboard; sourceTree = "<group>"; };
		3AC66FC5251CED9D00F984FA /* Info.plist */ = {isa = PBXFileReference; lastKnownFileType = text.plist.xml; path = Info.plist; sourceTree = "<group>"; };
		3AE3BE7C2523BCAA0045A596 /* InquiryViewController.swift */ = {isa = PBXFileReference; lastKnownFileType = sourcecode.swift; path = InquiryViewController.swift; sourceTree = "<group>"; };
		3AE3BE7E2523CFD10045A596 /* UIFont.swift */ = {isa = PBXFileReference; lastKnownFileType = sourcecode.swift; path = UIFont.swift; sourceTree = "<group>"; };
		3AE3BE802523DADC0045A596 /* NSAttributedString.swift */ = {isa = PBXFileReference; lastKnownFileType = sourcecode.swift; path = NSAttributedString.swift; sourceTree = "<group>"; };
		86E973792330DB91416E13AD /* Pods-DemoApp.release.xcconfig */ = {isa = PBXFileReference; includeInIndex = 1; lastKnownFileType = text.xcconfig; name = "Pods-DemoApp.release.xcconfig"; path = "Target Support Files/Pods-DemoApp/Pods-DemoApp.release.xcconfig"; sourceTree = "<group>"; };
		8E7558AE5916A2624B79ECF0 /* Pods_DemoApp.framework */ = {isa = PBXFileReference; explicitFileType = wrapper.framework; includeInIndex = 0; path = Pods_DemoApp.framework; sourceTree = BUILT_PRODUCTS_DIR; };
		D257AD2B108F36B95E65EB8A /* Pods-DemoApp.debug.xcconfig */ = {isa = PBXFileReference; includeInIndex = 1; lastKnownFileType = text.xcconfig; name = "Pods-DemoApp.debug.xcconfig"; path = "Target Support Files/Pods-DemoApp/Pods-DemoApp.debug.xcconfig"; sourceTree = "<group>"; };
/* End PBXFileReference section */

/* Begin PBXFrameworksBuildPhase section */
		3AC66FB1251CED9C00F984FA /* Frameworks */ = {
			isa = PBXFrameworksBuildPhase;
			buildActionMask = 2147483647;
			files = (
				94B767F8AFAA9937EEFE08DC /* Pods_DemoApp.framework in Frameworks */,
			);
			runOnlyForDeploymentPostprocessing = 0;
		};
/* End PBXFrameworksBuildPhase section */

/* Begin PBXGroup section */
		076A3E0E1CC37098B83C52C0 /* Pods */ = {
			isa = PBXGroup;
			children = (
				D257AD2B108F36B95E65EB8A /* Pods-DemoApp.debug.xcconfig */,
				86E973792330DB91416E13AD /* Pods-DemoApp.release.xcconfig */,
			);
			path = Pods;
			sourceTree = "<group>";
		};
		3AA65EC52523B8E300430B20 /* Fonts */ = {
			isa = PBXGroup;
			children = (
				3AA65EC82523B94800430B20 /* Rubik-Regular.ttf */,
				3AA65EC62523B92C00430B20 /* LondrinaSolid-Regular.ttf */,
			);
			path = Fonts;
			sourceTree = "<group>";
		};
		3AA9945F2523A02A0059B74E /* Extensions */ = {
			isa = PBXGroup;
			children = (
				3AE3BE802523DADC0045A596 /* NSAttributedString.swift */,
				3AA994602523A04B0059B74E /* UIColor.swift */,
				3AE3BE7E2523CFD10045A596 /* UIFont.swift */,
			);
			path = Extensions;
			sourceTree = "<group>";
		};
		3AC66FAB251CED9C00F984FA = {
			isa = PBXGroup;
			children = (
				3AC66FB6251CED9C00F984FA /* DemoApp */,
				3AC66FB5251CED9C00F984FA /* Products */,
				076A3E0E1CC37098B83C52C0 /* Pods */,
				969B13F8C7D3F522A7734AD6 /* Frameworks */,
			);
			sourceTree = "<group>";
		};
		3AC66FB5251CED9C00F984FA /* Products */ = {
			isa = PBXGroup;
			children = (
				3AC66FB4251CED9C00F984FA /* DemoApp.app */,
			);
			name = Products;
			sourceTree = "<group>";
		};
		3AC66FB6251CED9C00F984FA /* DemoApp */ = {
			isa = PBXGroup;
			children = (
				3AC66FC5251CED9D00F984FA /* Info.plist */,
				3AC66FB7251CED9C00F984FA /* AppDelegate.swift */,
				3AC66FC0251CED9D00F984FA /* Assets.xcassets */,
				3AC66FC2251CED9D00F984FA /* LaunchScreen.storyboard */,
				3AC66FBD251CED9C00F984FA /* Main.storyboard */,
				3AA9945F2523A02A0059B74E /* Extensions */,
				3AA65EC52523B8E300430B20 /* Fonts */,
				3AF49897252396CC00094248 /* Views */,
			);
			path = DemoApp;
			sourceTree = "<group>";
		};
		3AF49897252396CC00094248 /* Views */ = {
			isa = PBXGroup;
			children = (
				3AC66FBB251CED9C00F984FA /* WelcomeViewController.swift */,
				3AE3BE7C2523BCAA0045A596 /* InquiryViewController.swift */,
				3A92C7142523FB9000CC04A2 /* InquiryResultsViewModel.swift */,
			);
			path = Views;
			sourceTree = "<group>";
		};
		969B13F8C7D3F522A7734AD6 /* Frameworks */ = {
			isa = PBXGroup;
			children = (
				8E7558AE5916A2624B79ECF0 /* Pods_DemoApp.framework */,
			);
			name = Frameworks;
			sourceTree = "<group>";
		};
/* End PBXGroup section */

/* Begin PBXNativeTarget section */
		3AC66FB3251CED9C00F984FA /* DemoApp */ = {
			isa = PBXNativeTarget;
			buildConfigurationList = 3AC66FC8251CED9D00F984FA /* Build configuration list for PBXNativeTarget "DemoApp" */;
			buildPhases = (
				0B0524B5BE3E8F6D710A5C30 /* [CP] Check Pods Manifest.lock */,
				3AC66FB0251CED9C00F984FA /* Sources */,
				3AC66FB1251CED9C00F984FA /* Frameworks */,
				3AC66FB2251CED9C00F984FA /* Resources */,
				3AC66FE3251CFD8300F984FA /* Swiftlint */,
				525900BE52EBE130FCEC3736 /* [CP] Embed Pods Frameworks */,
			);
			buildRules = (
			);
			dependencies = (
			);
			name = DemoApp;
			productName = DemoApp;
			productReference = 3AC66FB4251CED9C00F984FA /* DemoApp.app */;
			productType = "com.apple.product-type.application";
		};
/* End PBXNativeTarget section */

/* Begin PBXProject section */
		3AC66FAC251CED9C00F984FA /* Project object */ = {
			isa = PBXProject;
			attributes = {
				LastSwiftUpdateCheck = 1200;
				LastUpgradeCheck = 1240;
				TargetAttributes = {
					3AC66FB3251CED9C00F984FA = {
						CreatedOnToolsVersion = 12.0;
					};
				};
			};
			buildConfigurationList = 3AC66FAF251CED9C00F984FA /* Build configuration list for PBXProject "DemoApp" */;
			compatibilityVersion = "Xcode 9.3";
			developmentRegion = en;
			hasScannedForEncodings = 0;
			knownRegions = (
				en,
				Base,
			);
			mainGroup = 3AC66FAB251CED9C00F984FA;
			productRefGroup = 3AC66FB5251CED9C00F984FA /* Products */;
			projectDirPath = "";
			projectRoot = "";
			targets = (
				3AC66FB3251CED9C00F984FA /* DemoApp */,
			);
		};
/* End PBXProject section */

/* Begin PBXResourcesBuildPhase section */
		3AC66FB2251CED9C00F984FA /* Resources */ = {
			isa = PBXResourcesBuildPhase;
			buildActionMask = 2147483647;
			files = (
				3AC66FC4251CED9D00F984FA /* LaunchScreen.storyboard in Resources */,
				3AC66FC1251CED9D00F984FA /* Assets.xcassets in Resources */,
				3AA65EC72523B92C00430B20 /* LondrinaSolid-Regular.ttf in Resources */,
				3AA65EC92523B94800430B20 /* Rubik-Regular.ttf in Resources */,
				3AC66FBF251CED9C00F984FA /* Main.storyboard in Resources */,
			);
			runOnlyForDeploymentPostprocessing = 0;
		};
/* End PBXResourcesBuildPhase section */

/* Begin PBXShellScriptBuildPhase section */
		0B0524B5BE3E8F6D710A5C30 /* [CP] Check Pods Manifest.lock */ = {
			isa = PBXShellScriptBuildPhase;
			buildActionMask = 2147483647;
			files = (
			);
			inputFileListPaths = (
			);
			inputPaths = (
				"${PODS_PODFILE_DIR_PATH}/Podfile.lock",
				"${PODS_ROOT}/Manifest.lock",
			);
			name = "[CP] Check Pods Manifest.lock";
			outputFileListPaths = (
			);
			outputPaths = (
				"$(DERIVED_FILE_DIR)/Pods-DemoApp-checkManifestLockResult.txt",
			);
			runOnlyForDeploymentPostprocessing = 0;
			shellPath = /bin/sh;
			shellScript = "diff \"${PODS_PODFILE_DIR_PATH}/Podfile.lock\" \"${PODS_ROOT}/Manifest.lock\" > /dev/null\nif [ $? != 0 ] ; then\n    # print error to STDERR\n    echo \"error: The sandbox is not in sync with the Podfile.lock. Run 'pod install' or update your CocoaPods installation.\" >&2\n    exit 1\nfi\n# This output is used by Xcode 'outputs' to avoid re-running this script phase.\necho \"SUCCESS\" > \"${SCRIPT_OUTPUT_FILE_0}\"\n";
			showEnvVarsInLog = 0;
		};
		3AC66FE3251CFD8300F984FA /* Swiftlint */ = {
			isa = PBXShellScriptBuildPhase;
			buildActionMask = 2147483647;
			files = (
			);
			inputFileListPaths = (
			);
			inputPaths = (
			);
			name = Swiftlint;
			outputFileListPaths = (
			);
			outputPaths = (
			);
			runOnlyForDeploymentPostprocessing = 0;
			shellPath = /bin/sh;
			shellScript = "set -e\nif which swiftlint >/dev/null; then\n    swiftlint autocorrect # Do a whitespace pass first\n    swiftlint\nfi\n";
		};
		525900BE52EBE130FCEC3736 /* [CP] Embed Pods Frameworks */ = {
			isa = PBXShellScriptBuildPhase;
			buildActionMask = 2147483647;
			files = (
			);
			inputFileListPaths = (
				"${PODS_ROOT}/Target Support Files/Pods-DemoApp/Pods-DemoApp-frameworks-${CONFIGURATION}-input-files.xcfilelist",
			);
			name = "[CP] Embed Pods Frameworks";
			outputFileListPaths = (
				"${PODS_ROOT}/Target Support Files/Pods-DemoApp/Pods-DemoApp-frameworks-${CONFIGURATION}-output-files.xcfilelist",
			);
			runOnlyForDeploymentPostprocessing = 0;
			shellPath = /bin/sh;
			shellScript = "\"${PODS_ROOT}/Target Support Files/Pods-DemoApp/Pods-DemoApp-frameworks.sh\"\n";
			showEnvVarsInLog = 0;
		};
/* End PBXShellScriptBuildPhase section */

/* Begin PBXSourcesBuildPhase section */
		3AC66FB0251CED9C00F984FA /* Sources */ = {
			isa = PBXSourcesBuildPhase;
			buildActionMask = 2147483647;
			files = (
				3AE3BE812523DADC0045A596 /* NSAttributedString.swift in Sources */,
				3AC66FBC251CED9C00F984FA /* WelcomeViewController.swift in Sources */,
				3A92C7152523FB9000CC04A2 /* InquiryResultsViewModel.swift in Sources */,
				3AE3BE7D2523BCAA0045A596 /* InquiryViewController.swift in Sources */,
				3AA994612523A04B0059B74E /* UIColor.swift in Sources */,
				3AE3BE7F2523CFD10045A596 /* UIFont.swift in Sources */,
				3AC66FB8251CED9C00F984FA /* AppDelegate.swift in Sources */,
			);
			runOnlyForDeploymentPostprocessing = 0;
		};
/* End PBXSourcesBuildPhase section */

/* Begin PBXVariantGroup section */
		3AC66FBD251CED9C00F984FA /* Main.storyboard */ = {
			isa = PBXVariantGroup;
			children = (
				3AC66FBE251CED9C00F984FA /* Base */,
			);
			name = Main.storyboard;
			sourceTree = "<group>";
		};
		3AC66FC2251CED9D00F984FA /* LaunchScreen.storyboard */ = {
			isa = PBXVariantGroup;
			children = (
				3AC66FC3251CED9D00F984FA /* Base */,
			);
			name = LaunchScreen.storyboard;
			sourceTree = "<group>";
		};
/* End PBXVariantGroup section */

/* Begin XCBuildConfiguration section */
		3AC66FC6251CED9D00F984FA /* Debug */ = {
			isa = XCBuildConfiguration;
			buildSettings = {
				ALWAYS_SEARCH_USER_PATHS = NO;
				CLANG_ANALYZER_NONNULL = YES;
				CLANG_ANALYZER_NUMBER_OBJECT_CONVERSION = YES_AGGRESSIVE;
				CLANG_CXX_LANGUAGE_STANDARD = "gnu++14";
				CLANG_CXX_LIBRARY = "libc++";
				CLANG_ENABLE_MODULES = YES;
				CLANG_ENABLE_OBJC_ARC = YES;
				CLANG_ENABLE_OBJC_WEAK = YES;
				CLANG_WARN_BLOCK_CAPTURE_AUTORELEASING = YES;
				CLANG_WARN_BOOL_CONVERSION = YES;
				CLANG_WARN_COMMA = YES;
				CLANG_WARN_CONSTANT_CONVERSION = YES;
				CLANG_WARN_DEPRECATED_OBJC_IMPLEMENTATIONS = YES;
				CLANG_WARN_DIRECT_OBJC_ISA_USAGE = YES_ERROR;
				CLANG_WARN_DOCUMENTATION_COMMENTS = YES;
				CLANG_WARN_EMPTY_BODY = YES;
				CLANG_WARN_ENUM_CONVERSION = YES;
				CLANG_WARN_INFINITE_RECURSION = YES;
				CLANG_WARN_INT_CONVERSION = YES;
				CLANG_WARN_NON_LITERAL_NULL_CONVERSION = YES;
				CLANG_WARN_OBJC_IMPLICIT_RETAIN_SELF = YES;
				CLANG_WARN_OBJC_LITERAL_CONVERSION = YES;
				CLANG_WARN_OBJC_ROOT_CLASS = YES_ERROR;
				CLANG_WARN_QUOTED_INCLUDE_IN_FRAMEWORK_HEADER = YES;
				CLANG_WARN_RANGE_LOOP_ANALYSIS = YES;
				CLANG_WARN_STRICT_PROTOTYPES = YES;
				CLANG_WARN_SUSPICIOUS_MOVE = YES;
				CLANG_WARN_UNGUARDED_AVAILABILITY = YES_AGGRESSIVE;
				CLANG_WARN_UNREACHABLE_CODE = YES;
				CLANG_WARN__DUPLICATE_METHOD_MATCH = YES;
				COPY_PHASE_STRIP = NO;
				DEBUG_INFORMATION_FORMAT = dwarf;
				ENABLE_STRICT_OBJC_MSGSEND = YES;
				ENABLE_TESTABILITY = YES;
				GCC_C_LANGUAGE_STANDARD = gnu11;
				GCC_DYNAMIC_NO_PIC = NO;
				GCC_NO_COMMON_BLOCKS = YES;
				GCC_OPTIMIZATION_LEVEL = 0;
				GCC_PREPROCESSOR_DEFINITIONS = (
					"DEBUG=1",
					"$(inherited)",
				);
				GCC_WARN_64_TO_32_BIT_CONVERSION = YES;
				GCC_WARN_ABOUT_RETURN_TYPE = YES_ERROR;
				GCC_WARN_UNDECLARED_SELECTOR = YES;
				GCC_WARN_UNINITIALIZED_AUTOS = YES_AGGRESSIVE;
				GCC_WARN_UNUSED_FUNCTION = YES;
				GCC_WARN_UNUSED_VARIABLE = YES;
				IPHONEOS_DEPLOYMENT_TARGET = 14.0;
				MTL_ENABLE_DEBUG_INFO = INCLUDE_SOURCE;
				MTL_FAST_MATH = YES;
				ONLY_ACTIVE_ARCH = YES;
				SDKROOT = iphoneos;
				SWIFT_ACTIVE_COMPILATION_CONDITIONS = DEBUG;
				SWIFT_OPTIMIZATION_LEVEL = "-Onone";
			};
			name = Debug;
		};
		3AC66FC7251CED9D00F984FA /* Release */ = {
			isa = XCBuildConfiguration;
			buildSettings = {
				ALWAYS_SEARCH_USER_PATHS = NO;
				CLANG_ANALYZER_NONNULL = YES;
				CLANG_ANALYZER_NUMBER_OBJECT_CONVERSION = YES_AGGRESSIVE;
				CLANG_CXX_LANGUAGE_STANDARD = "gnu++14";
				CLANG_CXX_LIBRARY = "libc++";
				CLANG_ENABLE_MODULES = YES;
				CLANG_ENABLE_OBJC_ARC = YES;
				CLANG_ENABLE_OBJC_WEAK = YES;
				CLANG_WARN_BLOCK_CAPTURE_AUTORELEASING = YES;
				CLANG_WARN_BOOL_CONVERSION = YES;
				CLANG_WARN_COMMA = YES;
				CLANG_WARN_CONSTANT_CONVERSION = YES;
				CLANG_WARN_DEPRECATED_OBJC_IMPLEMENTATIONS = YES;
				CLANG_WARN_DIRECT_OBJC_ISA_USAGE = YES_ERROR;
				CLANG_WARN_DOCUMENTATION_COMMENTS = YES;
				CLANG_WARN_EMPTY_BODY = YES;
				CLANG_WARN_ENUM_CONVERSION = YES;
				CLANG_WARN_INFINITE_RECURSION = YES;
				CLANG_WARN_INT_CONVERSION = YES;
				CLANG_WARN_NON_LITERAL_NULL_CONVERSION = YES;
				CLANG_WARN_OBJC_IMPLICIT_RETAIN_SELF = YES;
				CLANG_WARN_OBJC_LITERAL_CONVERSION = YES;
				CLANG_WARN_OBJC_ROOT_CLASS = YES_ERROR;
				CLANG_WARN_QUOTED_INCLUDE_IN_FRAMEWORK_HEADER = YES;
				CLANG_WARN_RANGE_LOOP_ANALYSIS = YES;
				CLANG_WARN_STRICT_PROTOTYPES = YES;
				CLANG_WARN_SUSPICIOUS_MOVE = YES;
				CLANG_WARN_UNGUARDED_AVAILABILITY = YES_AGGRESSIVE;
				CLANG_WARN_UNREACHABLE_CODE = YES;
				CLANG_WARN__DUPLICATE_METHOD_MATCH = YES;
				COPY_PHASE_STRIP = NO;
				DEBUG_INFORMATION_FORMAT = "dwarf-with-dsym";
				ENABLE_NS_ASSERTIONS = NO;
				ENABLE_STRICT_OBJC_MSGSEND = YES;
				GCC_C_LANGUAGE_STANDARD = gnu11;
				GCC_NO_COMMON_BLOCKS = YES;
				GCC_WARN_64_TO_32_BIT_CONVERSION = YES;
				GCC_WARN_ABOUT_RETURN_TYPE = YES_ERROR;
				GCC_WARN_UNDECLARED_SELECTOR = YES;
				GCC_WARN_UNINITIALIZED_AUTOS = YES_AGGRESSIVE;
				GCC_WARN_UNUSED_FUNCTION = YES;
				GCC_WARN_UNUSED_VARIABLE = YES;
				IPHONEOS_DEPLOYMENT_TARGET = 14.0;
				MTL_ENABLE_DEBUG_INFO = NO;
				MTL_FAST_MATH = YES;
				SDKROOT = iphoneos;
				SWIFT_COMPILATION_MODE = wholemodule;
				SWIFT_OPTIMIZATION_LEVEL = "-O";
				VALIDATE_PRODUCT = YES;
			};
			name = Release;
		};
		3AC66FC9251CED9D00F984FA /* Debug */ = {
			isa = XCBuildConfiguration;
			baseConfigurationReference = D257AD2B108F36B95E65EB8A /* Pods-DemoApp.debug.xcconfig */;
			buildSettings = {
				ASSETCATALOG_COMPILER_APPICON_NAME = AppIcon;
				ASSETCATALOG_COMPILER_GLOBAL_ACCENT_COLOR_NAME = AccentColor;
				CODE_SIGN_STYLE = Automatic;
				DEVELOPMENT_TEAM = YA49JBJSCR;
				INFOPLIST_FILE = DemoApp/Info.plist;
				IPHONEOS_DEPLOYMENT_TARGET = 11.0;
				LD_RUNPATH_SEARCH_PATHS = (
					"$(inherited)",
					"@executable_path/Frameworks",
				);
				PRODUCT_BUNDLE_IDENTIFIER = com.persona.sdk.DemoApp;
				PRODUCT_NAME = "$(TARGET_NAME)";
				SWIFT_VERSION = 5.0;
				TARGETED_DEVICE_FAMILY = "1,2";
			};
			name = Debug;
		};
		3AC66FCA251CED9D00F984FA /* Release */ = {
			isa = XCBuildConfiguration;
			baseConfigurationReference = 86E973792330DB91416E13AD /* Pods-DemoApp.release.xcconfig */;
			buildSettings = {
				ASSETCATALOG_COMPILER_APPICON_NAME = AppIcon;
				ASSETCATALOG_COMPILER_GLOBAL_ACCENT_COLOR_NAME = AccentColor;
				CODE_SIGN_STYLE = Automatic;
				DEVELOPMENT_TEAM = YA49JBJSCR;
				INFOPLIST_FILE = DemoApp/Info.plist;
				IPHONEOS_DEPLOYMENT_TARGET = 11.0;
				LD_RUNPATH_SEARCH_PATHS = (
					"$(inherited)",
					"@executable_path/Frameworks",
				);
				PRODUCT_BUNDLE_IDENTIFIER = com.persona.sdk.DemoApp;
				PRODUCT_NAME = "$(TARGET_NAME)";
				SWIFT_VERSION = 5.0;
				TARGETED_DEVICE_FAMILY = "1,2";
			};
			name = Release;
		};
/* End XCBuildConfiguration section */

/* Begin XCConfigurationList section */
		3AC66FAF251CED9C00F984FA /* Build configuration list for PBXProject "DemoApp" */ = {
			isa = XCConfigurationList;
			buildConfigurations = (
				3AC66FC6251CED9D00F984FA /* Debug */,
				3AC66FC7251CED9D00F984FA /* Release */,
			);
			defaultConfigurationIsVisible = 0;
			defaultConfigurationName = Release;
		};
		3AC66FC8251CED9D00F984FA /* Build configuration list for PBXNativeTarget "DemoApp" */ = {
			isa = XCConfigurationList;
			buildConfigurations = (
				3AC66FC9251CED9D00F984FA /* Debug */,
				3AC66FCA251CED9D00F984FA /* Release */,
			);
			defaultConfigurationIsVisible = 0;
			defaultConfigurationName = Release;
		};
/* End XCConfigurationList section */
	};
	rootObject = 3AC66FAC251CED9C00F984FA /* Project object */;
}
